
Microsoft Visual Studio Solution File, Format Version 12.00
# Visual Studio Version 16
VisualStudioVersion = 16.0.30517.126
MinimumVisualStudioVersion = 10.0.40219.1
Project("{FAE04EC0-301F-11D3-BF4B-00C04F79EFBC}") = "MoreString", "MoreString\MoreString.csproj", "{CDDA6214-22AB-417A-852C-96154508B519}"
EndProject
Project("{FAE04EC0-301F-11D3-BF4B-00C04F79EFBC}") = "DontPanicReverse", "DontPanicReverse\DontPanicReverse.csproj", "{673377C8-B96F-47B0-85AA-083AEA45C309}"
EndProject
Project("{FAE04EC0-301F-11D3-BF4B-00C04F79EFBC}") = "DontPanicNCounter", "DontPanicNCounter\DontPanicNCounter.csproj", "{DF864983-4FED-4BCD-890D-470F28AEC28F}"
EndProject
Project("{FAE04EC0-301F-11D3-BF4B-00C04F79EFBC}") = "HOLCounter", "HOLCounter\HOLCounter.csproj", "{F97C09E0-B481-4552-B8B5-38CB4780410F}"
EndProject
Global
	GlobalSection(SolutionConfigurationPlatforms) = preSolution
		Debug|Any CPU = Debug|Any CPU
		Release|Any CPU = Release|Any CPU
	EndGlobalSection
	GlobalSection(ProjectConfigurationPlatforms) = postSolution
		{CDDA6214-22AB-417A-852C-96154508B519}.Debug|Any CPU.ActiveCfg = Debug|Any CPU
		{CDDA6214-22AB-417A-852C-96154508B519}.Debug|Any CPU.Build.0 = Debug|Any CPU
		{CDDA6214-22AB-417A-852C-96154508B519}.Release|Any CPU.ActiveCfg = Release|Any CPU
		{CDDA6214-22AB-417A-852C-96154508B519}.Release|Any CPU.Build.0 = Release|Any CPU
		{673377C8-B96F-47B0-85AA-083AEA45C309}.Debug|Any CPU.ActiveCfg = Debug|Any CPU
		{673377C8-B96F-47B0-85AA-083AEA45C309}.Debug|Any CPU.Build.0 = Debug|Any CPU
		{673377C8-B96F-47B0-85AA-083AEA45C309}.Release|Any CPU.ActiveCfg = Release|Any CPU
		{673377C8-B96F-47B0-85AA-083AEA45C309}.Release|Any CPU.Build.0 = Release|Any CPU
		{DF864983-4FED-4BCD-890D-470F28AEC28F}.Debug|Any CPU.ActiveCfg = Debug|Any CPU
		{DF864983-4FED-4BCD-890D-470F28AEC28F}.Debug|Any CPU.Build.0 = Debug|Any CPU
		{DF864983-4FED-4BCD-890D-470F28AEC28F}.Release|Any CPU.ActiveCfg = Release|Any CPU
		{DF864983-4FED-4BCD-890D-470F28AEC28F}.Release|Any CPU.Build.0 = Release|Any CPU
		{F97C09E0-B481-4552-B8B5-38CB4780410F}.Debug|Any CPU.ActiveCfg = Debug|Any CPU
		{F97C09E0-B481-4552-B8B5-38CB4780410F}.Debug|Any CPU.Build.0 = Debug|Any CPU
		{F97C09E0-B481-4552-B8B5-38CB4780410F}.Release|Any CPU.ActiveCfg = Release|Any CPU
		{F97C09E0-B481-4552-B8B5-38CB4780410F}.Release|Any CPU.Build.0 = Release|Any CPU
	EndGlobalSection
	GlobalSection(SolutionProperties) = preSolution
		HideSolutionNode = FALSE
	EndGlobalSection
	GlobalSection(ExtensibilityGlobals) = postSolution
		SolutionGuid = {6A6AD6D5-DF47-4246-B988-204A370E032E}
	EndGlobalSection
EndGlobal
